// !$*UTF8*$!
{
	archiveVersion = 1;
	classes = {
	};
	objectVersion = 56;
	objects = {

/* Begin PBXBuildFile section */
		CD0D71502B1FA2C000DB821C /* AppDelegate.swift in Sources */ = {isa = PBXBuildFile; fileRef = CD0D714F2B1FA2C000DB821C /* AppDelegate.swift */; };
		CD0D71522B1FA2C000DB821C /* SceneDelegate.swift in Sources */ = {isa = PBXBuildFile; fileRef = CD0D71512B1FA2C000DB821C /* SceneDelegate.swift */; };
		CD0D71592B1FA2C100DB821C /* Assets.xcassets in Resources */ = {isa = PBXBuildFile; fileRef = CD0D71582B1FA2C100DB821C /* Assets.xcassets */; };
		CD0D715C2B1FA2C100DB821C /* LaunchScreen.storyboard in Resources */ = {isa = PBXBuildFile; fileRef = CD0D715A2B1FA2C100DB821C /* LaunchScreen.storyboard */; };
		CD0D71692B1FBB3200DB821C /* RMTabBarController.swift in Sources */ = {isa = PBXBuildFile; fileRef = CD0D71682B1FBB3200DB821C /* RMTabBarController.swift */; };
		CDA2A2E22B2099EF00FA8A21 /* LaunchViewController.swift in Sources */ = {isa = PBXBuildFile; fileRef = CDA2A2E12B2099EF00FA8A21 /* LaunchViewController.swift */; };
		CDDFEEF62B1FDFF300F33357 /* RMEpisodesViewController.swift in Sources */ = {isa = PBXBuildFile; fileRef = CDDFEEF52B1FDFF300F33357 /* RMEpisodesViewController.swift */; };
		CDDFEEF82B1FE00D00F33357 /* RMFavouritesViewController.swift in Sources */ = {isa = PBXBuildFile; fileRef = CDDFEEF72B1FE00D00F33357 /* RMFavouritesViewController.swift */; };
/* End PBXBuildFile section */

/* Begin PBXFileReference section */
		CD0D714C2B1FA2C000DB821C /* RickAndMortyTestovoe.app */ = {isa = PBXFileReference; explicitFileType = wrapper.application; includeInIndex = 0; path = RickAndMortyTestovoe.app; sourceTree = BUILT_PRODUCTS_DIR; };
		CD0D714F2B1FA2C000DB821C /* AppDelegate.swift */ = {isa = PBXFileReference; lastKnownFileType = sourcecode.swift; path = AppDelegate.swift; sourceTree = "<group>"; };
		CD0D71512B1FA2C000DB821C /* SceneDelegate.swift */ = {isa = PBXFileReference; lastKnownFileType = sourcecode.swift; path = SceneDelegate.swift; sourceTree = "<group>"; };
		CD0D71582B1FA2C100DB821C /* Assets.xcassets */ = {isa = PBXFileReference; lastKnownFileType = folder.assetcatalog; path = Assets.xcassets; sourceTree = "<group>"; };
		CD0D715B2B1FA2C100DB821C /* Base */ = {isa = PBXFileReference; lastKnownFileType = file.storyboard; name = Base; path = Base.lproj/LaunchScreen.storyboard; sourceTree = "<group>"; };
		CD0D715D2B1FA2C100DB821C /* Info.plist */ = {isa = PBXFileReference; lastKnownFileType = text.plist.xml; path = Info.plist; sourceTree = "<group>"; };
		CD0D71682B1FBB3200DB821C /* RMTabBarController.swift */ = {isa = PBXFileReference; lastKnownFileType = sourcecode.swift; path = RMTabBarController.swift; sourceTree = "<group>"; };
		CDA2A2E12B2099EF00FA8A21 /* LaunchViewController.swift */ = {isa = PBXFileReference; lastKnownFileType = sourcecode.swift; path = LaunchViewController.swift; sourceTree = "<group>"; };
		CDDFEEF52B1FDFF300F33357 /* RMEpisodesViewController.swift */ = {isa = PBXFileReference; lastKnownFileType = sourcecode.swift; path = RMEpisodesViewController.swift; sourceTree = "<group>"; };
		CDDFEEF72B1FE00D00F33357 /* RMFavouritesViewController.swift */ = {isa = PBXFileReference; lastKnownFileType = sourcecode.swift; path = RMFavouritesViewController.swift; sourceTree = "<group>"; };
/* End PBXFileReference section */

/* Begin PBXFrameworksBuildPhase section */
		CD0D71492B1FA2C000DB821C /* Frameworks */ = {
			isa = PBXFrameworksBuildPhase;
			buildActionMask = 2147483647;
			files = (
			);
			runOnlyForDeploymentPostprocessing = 0;
		};
/* End PBXFrameworksBuildPhase section */

/* Begin PBXGroup section */
		CD0D71432B1FA2C000DB821C = {
			isa = PBXGroup;
			children = (
				CD0D714E2B1FA2C000DB821C /* RickAndMortyTestovoe */,
				CD0D714D2B1FA2C000DB821C /* Products */,
			);
			sourceTree = "<group>";
		};
		CD0D714D2B1FA2C000DB821C /* Products */ = {
			isa = PBXGroup;
			children = (
				CD0D714C2B1FA2C000DB821C /* RickAndMortyTestovoe.app */,
			);
			name = Products;
			sourceTree = "<group>";
		};
		CD0D714E2B1FA2C000DB821C /* RickAndMortyTestovoe */ = {
			isa = PBXGroup;
			children = (
				CD0D71672B1FB7DA00DB821C /* SomeShit */,
				CD0D71662B1FB7BB00DB821C /* ViewModel */,
				CD0D71642B1FB79000DB821C /* View */,
				CD0D71632B1FB78300DB821C /* Model */,
				CD0D715D2B1FA2C100DB821C /* Info.plist */,
			);
			path = RickAndMortyTestovoe;
			sourceTree = "<group>";
		};
		CD0D71632B1FB78300DB821C /* Model */ = {
			isa = PBXGroup;
			children = (
			);
			path = Model;
			sourceTree = "<group>";
		};
		CD0D71642B1FB79000DB821C /* View */ = {
			isa = PBXGroup;
			children = (
				CDA2A2E12B2099EF00FA8A21 /* LaunchViewController.swift */,
				CD0D71682B1FBB3200DB821C /* RMTabBarController.swift */,
				CDDFEEF52B1FDFF300F33357 /* RMEpisodesViewController.swift */,
				CDDFEEF72B1FE00D00F33357 /* RMFavouritesViewController.swift */,
			);
			path = View;
			sourceTree = "<group>";
		};
		CD0D71662B1FB7BB00DB821C /* ViewModel */ = {
			isa = PBXGroup;
			children = (
			);
			path = ViewModel;
			sourceTree = "<group>";
		};
		CD0D71672B1FB7DA00DB821C /* SomeShit */ = {
			isa = PBXGroup;
			children = (
				CD0D71582B1FA2C100DB821C /* Assets.xcassets */,
				CD0D715A2B1FA2C100DB821C /* LaunchScreen.storyboard */,
				CD0D714F2B1FA2C000DB821C /* AppDelegate.swift */,
				CD0D71512B1FA2C000DB821C /* SceneDelegate.swift */,
			);
			path = SomeShit;
			sourceTree = "<group>";
		};
/* End PBXGroup section */

/* Begin PBXNativeTarget section */
		CD0D714B2B1FA2C000DB821C /* RickAndMortyTestovoe */ = {
			isa = PBXNativeTarget;
			buildConfigurationList = CD0D71602B1FA2C100DB821C /* Build configuration list for PBXNativeTarget "RickAndMortyTestovoe" */;
			buildPhases = (
				CD0D71482B1FA2C000DB821C /* Sources */,
				CD0D71492B1FA2C000DB821C /* Frameworks */,
				CD0D714A2B1FA2C000DB821C /* Resources */,
			);
			buildRules = (
			);
			dependencies = (
			);
			name = RickAndMortyTestovoe;
			productName = RickAndMortyTestovoe;
			productReference = CD0D714C2B1FA2C000DB821C /* RickAndMortyTestovoe.app */;
			productType = "com.apple.product-type.application";
		};
/* End PBXNativeTarget section */

/* Begin PBXProject section */
		CD0D71442B1FA2C000DB821C /* Project object */ = {
			isa = PBXProject;
			attributes = {
				BuildIndependentTargetsInParallel = 1;
				LastSwiftUpdateCheck = 1500;
				LastUpgradeCheck = 1500;
				TargetAttributes = {
					CD0D714B2B1FA2C000DB821C = {
						CreatedOnToolsVersion = 15.0.1;
					};
				};
			};
			buildConfigurationList = CD0D71472B1FA2C000DB821C /* Build configuration list for PBXProject "RickAndMortyTestovoe" */;
			compatibilityVersion = "Xcode 14.0";
			developmentRegion = en;
			hasScannedForEncodings = 0;
			knownRegions = (
				en,
				Base,
			);
			mainGroup = CD0D71432B1FA2C000DB821C;
			productRefGroup = CD0D714D2B1FA2C000DB821C /* Products */;
			projectDirPath = "";
			projectRoot = "";
			targets = (
				CD0D714B2B1FA2C000DB821C /* RickAndMortyTestovoe */,
			);
		};
/* End PBXProject section */

/* Begin PBXResourcesBuildPhase section */
		CD0D714A2B1FA2C000DB821C /* Resources */ = {
			isa = PBXResourcesBuildPhase;
			buildActionMask = 2147483647;
			files = (
				CD0D715C2B1FA2C100DB821C /* LaunchScreen.storyboard in Resources */,
				CD0D71592B1FA2C100DB821C /* Assets.xcassets in Resources */,
			);
			runOnlyForDeploymentPostprocessing = 0;
		};
/* End PBXResourcesBuildPhase section */

/* Begin PBXSourcesBuildPhase section */
		CD0D71482B1FA2C000DB821C /* Sources */ = {
			isa = PBXSourcesBuildPhase;
			buildActionMask = 2147483647;
			files = (
				CD0D71692B1FBB3200DB821C /* RMTabBarController.swift in Sources */,
				CD0D71502B1FA2C000DB821C /* AppDelegate.swift in Sources */,
				CD0D71522B1FA2C000DB821C /* SceneDelegate.swift in Sources */,
				CDDFEEF62B1FDFF300F33357 /* RMEpisodesViewController.swift in Sources */,
				CDDFEEF82B1FE00D00F33357 /* RMFavouritesViewController.swift in Sources */,
				CDA2A2E22B2099EF00FA8A21 /* LaunchViewController.swift in Sources */,
			);
			runOnlyForDeploymentPostprocessing = 0;
		};
/* End PBXSourcesBuildPhase section */

/* Begin PBXVariantGroup section */
		CD0D715A2B1FA2C100DB821C /* LaunchScreen.storyboard */ = {
			isa = PBXVariantGroup;
			children = (
				CD0D715B2B1FA2C100DB821C /* Base */,
			);
			name = LaunchScreen.storyboard;
			sourceTree = "<group>";
		};
/* End PBXVariantGroup section */

/* Begin XCBuildConfiguration section */
		CD0D715E2B1FA2C100DB821C /* Debug */ = {
			isa = XCBuildConfiguration;
			buildSettings = {
				ALWAYS_SEARCH_USER_PATHS = NO;
				ASSETCATALOG_COMPILER_GENERATE_SWIFT_ASSET_SYMBOL_EXTENSIONS = YES;
				CLANG_ANALYZER_NONNULL = YES;
				CLANG_ANALYZER_NUMBER_OBJECT_CONVERSION = YES_AGGRESSIVE;
				CLANG_CXX_LANGUAGE_STANDARD = "gnu++20";
				CLANG_ENABLE_MODULES = YES;
				CLANG_ENABLE_OBJC_ARC = YES;
				CLANG_ENABLE_OBJC_WEAK = YES;
				CLANG_WARN_BLOCK_CAPTURE_AUTORELEASING = YES;
				CLANG_WARN_BOOL_CONVERSION = YES;
				CLANG_WARN_COMMA = YES;
				CLANG_WARN_CONSTANT_CONVERSION = YES;
				CLANG_WARN_DEPRECATED_OBJC_IMPLEMENTATIONS = YES;
				CLANG_WARN_DIRECT_OBJC_ISA_USAGE = YES_ERROR;
				CLANG_WARN_DOCUMENTATION_COMMENTS = YES;
				CLANG_WARN_EMPTY_BODY = YES;
				CLANG_WARN_ENUM_CONVERSION = YES;
				CLANG_WARN_INFINITE_RECURSION = YES;
				CLANG_WARN_INT_CONVERSION = YES;
				CLANG_WARN_NON_LITERAL_NULL_CONVERSION = YES;
				CLANG_WARN_OBJC_IMPLICIT_RETAIN_SELF = YES;
				CLANG_WARN_OBJC_LITERAL_CONVERSION = YES;
				CLANG_WARN_OBJC_ROOT_CLASS = YES_ERROR;
				CLANG_WARN_QUOTED_INCLUDE_IN_FRAMEWORK_HEADER = YES;
				CLANG_WARN_RANGE_LOOP_ANALYSIS = YES;
				CLANG_WARN_STRICT_PROTOTYPES = YES;
				CLANG_WARN_SUSPICIOUS_MOVE = YES;
				CLANG_WARN_UNGUARDED_AVAILABILITY = YES_AGGRESSIVE;
				CLANG_WARN_UNREACHABLE_CODE = YES;
				CLANG_WARN__DUPLICATE_METHOD_MATCH = YES;
				COPY_PHASE_STRIP = NO;
				DEBUG_INFORMATION_FORMAT = dwarf;
				ENABLE_STRICT_OBJC_MSGSEND = YES;
				ENABLE_TESTABILITY = YES;
				ENABLE_USER_SCRIPT_SANDBOXING = YES;
				GCC_C_LANGUAGE_STANDARD = gnu17;
				GCC_DYNAMIC_NO_PIC = NO;
				GCC_NO_COMMON_BLOCKS = YES;
				GCC_OPTIMIZATION_LEVEL = 0;
				GCC_PREPROCESSOR_DEFINITIONS = (
					"DEBUG=1",
					"$(inherited)",
				);
				GCC_WARN_64_TO_32_BIT_CONVERSION = YES;
				GCC_WARN_ABOUT_RETURN_TYPE = YES_ERROR;
				GCC_WARN_UNDECLARED_SELECTOR = YES;
				GCC_WARN_UNINITIALIZED_AUTOS = YES_AGGRESSIVE;
				GCC_WARN_UNUSED_FUNCTION = YES;
				GCC_WARN_UNUSED_VARIABLE = YES;
				IPHONEOS_DEPLOYMENT_TARGET = 17.0;
				LOCALIZATION_PREFERS_STRING_CATALOGS = YES;
				MTL_ENABLE_DEBUG_INFO = INCLUDE_SOURCE;
				MTL_FAST_MATH = YES;
				ONLY_ACTIVE_ARCH = YES;
				SDKROOT = iphoneos;
				SWIFT_ACTIVE_COMPILATION_CONDITIONS = "DEBUG $(inherited)";
				SWIFT_OPTIMIZATION_LEVEL = "-Onone";
			};
			name = Debug;
		};
		CD0D715F2B1FA2C100DB821C /* Release */ = {
			isa = XCBuildConfiguration;
			buildSettings = {
				ALWAYS_SEARCH_USER_PATHS = NO;
				ASSETCATALOG_COMPILER_GENERATE_SWIFT_ASSET_SYMBOL_EXTENSIONS = YES;
				CLANG_ANALYZER_NONNULL = YES;
				CLANG_ANALYZER_NUMBER_OBJECT_CONVERSION = YES_AGGRESSIVE;
				CLANG_CXX_LANGUAGE_STANDARD = "gnu++20";
				CLANG_ENABLE_MODULES = YES;
				CLANG_ENABLE_OBJC_ARC = YES;
				CLANG_ENABLE_OBJC_WEAK = YES;
				CLANG_WARN_BLOCK_CAPTURE_AUTORELEASING = YES;
				CLANG_WARN_BOOL_CONVERSION = YES;
				CLANG_WARN_COMMA = YES;
				CLANG_WARN_CONSTANT_CONVERSION = YES;
				CLANG_WARN_DEPRECATED_OBJC_IMPLEMENTATIONS = YES;
				CLANG_WARN_DIRECT_OBJC_ISA_USAGE = YES_ERROR;
				CLANG_WARN_DOCUMENTATION_COMMENTS = YES;
				CLANG_WARN_EMPTY_BODY = YES;
				CLANG_WARN_ENUM_CONVERSION = YES;
				CLANG_WARN_INFINITE_RECURSION = YES;
				CLANG_WARN_INT_CONVERSION = YES;
				CLANG_WARN_NON_LITERAL_NULL_CONVERSION = YES;
				CLANG_WARN_OBJC_IMPLICIT_RETAIN_SELF = YES;
				CLANG_WARN_OBJC_LITERAL_CONVERSION = YES;
				CLANG_WARN_OBJC_ROOT_CLASS = YES_ERROR;
				CLANG_WARN_QUOTED_INCLUDE_IN_FRAMEWORK_HEADER = YES;
				CLANG_WARN_RANGE_LOOP_ANALYSIS = YES;
				CLANG_WARN_STRICT_PROTOTYPES = YES;
				CLANG_WARN_SUSPICIOUS_MOVE = YES;
				CLANG_WARN_UNGUARDED_AVAILABILITY = YES_AGGRESSIVE;
				CLANG_WARN_UNREACHABLE_CODE = YES;
				CLANG_WARN__DUPLICATE_METHOD_MATCH = YES;
				COPY_PHASE_STRIP = NO;
				DEBUG_INFORMATION_FORMAT = "dwarf-with-dsym";
				ENABLE_NS_ASSERTIONS = NO;
				ENABLE_STRICT_OBJC_MSGSEND = YES;
				ENABLE_USER_SCRIPT_SANDBOXING = YES;
				GCC_C_LANGUAGE_STANDARD = gnu17;
				GCC_NO_COMMON_BLOCKS = YES;
				GCC_WARN_64_TO_32_BIT_CONVERSION = YES;
				GCC_WARN_ABOUT_RETURN_TYPE = YES_ERROR;
				GCC_WARN_UNDECLARED_SELECTOR = YES;
				GCC_WARN_UNINITIALIZED_AUTOS = YES_AGGRESSIVE;
				GCC_WARN_UNUSED_FUNCTION = YES;
				GCC_WARN_UNUSED_VARIABLE = YES;
				IPHONEOS_DEPLOYMENT_TARGET = 17.0;
				LOCALIZATION_PREFERS_STRING_CATALOGS = YES;
				MTL_ENABLE_DEBUG_INFO = NO;
				MTL_FAST_MATH = YES;
				SDKROOT = iphoneos;
				SWIFT_COMPILATION_MODE = wholemodule;
				VALIDATE_PRODUCT = YES;
			};
			name = Release;
		};
		CD0D71612B1FA2C100DB821C /* Debug */ = {
			isa = XCBuildConfiguration;
			buildSettings = {
				ASSETCATALOG_COMPILER_APPICON_NAME = AppIcon;
				ASSETCATALOG_COMPILER_GLOBAL_ACCENT_COLOR_NAME = AccentColor;
				CODE_SIGN_STYLE = Automatic;
				CURRENT_PROJECT_VERSION = 1;
				GENERATE_INFOPLIST_FILE = YES;
				INFOPLIST_FILE = RickAndMortyTestovoe/Info.plist;
				INFOPLIST_KEY_UIApplicationSupportsIndirectInputEvents = YES;
				INFOPLIST_KEY_UILaunchStoryboardName = LaunchScreen;
				INFOPLIST_KEY_UISupportedInterfaceOrientations_iPad = "UIInterfaceOrientationPortrait UIInterfaceOrientationPortraitUpsideDown UIInterfaceOrientationLandscapeLeft UIInterfaceOrientationLandscapeRight";
				INFOPLIST_KEY_UISupportedInterfaceOrientations_iPhone = "UIInterfaceOrientationPortrait UIInterfaceOrientationLandscapeLeft UIInterfaceOrientationLandscapeRight";
				LD_RUNPATH_SEARCH_PATHS = (
					"$(inherited)",
					"@executable_path/Frameworks",
				);
				MARKETING_VERSION = 1.0;
				PRODUCT_BUNDLE_IDENTIFIER = idk.RickAndMortyTestovoe;
				PRODUCT_NAME = "$(TARGET_NAME)";
				SWIFT_EMIT_LOC_STRINGS = YES;
				SWIFT_VERSION = 5.0;
				TARGETED_DEVICE_FAMILY = "1,2";
			};
			name = Debug;
		};
		CD0D71622B1FA2C100DB821C /* Release */ = {
			isa = XCBuildConfiguration;
			buildSettings = {
				ASSETCATALOG_COMPILER_APPICON_NAME = AppIcon;
				ASSETCATALOG_COMPILER_GLOBAL_ACCENT_COLOR_NAME = AccentColor;
				CODE_SIGN_STYLE = Automatic;
				CURRENT_PROJECT_VERSION = 1;
				GENERATE_INFOPLIST_FILE = YES;
				INFOPLIST_FILE = RickAndMortyTestovoe/Info.plist;
				INFOPLIST_KEY_UIApplicationSupportsIndirectInputEvents = YES;
				INFOPLIST_KEY_UILaunchStoryboardName = LaunchScreen;
				INFOPLIST_KEY_UISupportedInterfaceOrientations_iPad = "UIInterfaceOrientationPortrait UIInterfaceOrientationPortraitUpsideDown UIInterfaceOrientationLandscapeLeft UIInterfaceOrientationLandscapeRight";
				INFOPLIST_KEY_UISupportedInterfaceOrientations_iPhone = "UIInterfaceOrientationPortrait UIInterfaceOrientationLandscapeLeft UIInterfaceOrientationLandscapeRight";
				LD_RUNPATH_SEARCH_PATHS = (
					"$(inherited)",
					"@executable_path/Frameworks",
				);
				MARKETING_VERSION = 1.0;
				PRODUCT_BUNDLE_IDENTIFIER = idk.RickAndMortyTestovoe;
				PRODUCT_NAME = "$(TARGET_NAME)";
				SWIFT_EMIT_LOC_STRINGS = YES;
				SWIFT_VERSION = 5.0;
				TARGETED_DEVICE_FAMILY = "1,2";
			};
			name = Release;
		};
/* End XCBuildConfiguration section */

/* Begin XCConfigurationList section */
		CD0D71472B1FA2C000DB821C /* Build configuration list for PBXProject "RickAndMortyTestovoe" */ = {
			isa = XCConfigurationList;
			buildConfigurations = (
				CD0D715E2B1FA2C100DB821C /* Debug */,
				CD0D715F2B1FA2C100DB821C /* Release */,
			);
			defaultConfigurationIsVisible = 0;
			defaultConfigurationName = Release;
		};
		CD0D71602B1FA2C100DB821C /* Build configuration list for PBXNativeTarget "RickAndMortyTestovoe" */ = {
			isa = XCConfigurationList;
			buildConfigurations = (
				CD0D71612B1FA2C100DB821C /* Debug */,
				CD0D71622B1FA2C100DB821C /* Release */,
			);
			defaultConfigurationIsVisible = 0;
			defaultConfigurationName = Release;
		};
/* End XCConfigurationList section */
	};
	rootObject = CD0D71442B1FA2C000DB821C /* Project object */;
}
